
Microsoft Visual Studio Solution File, Format Version 12.00
# Visual Studio Version 17
VisualStudioVersion = 17.5.33627.172
MinimumVisualStudioVersion = 10.0.40219.1
Project("{FAE04EC0-301F-11D3-BF4B-00C04F79EFBC}") = "SB.Tickets.Api", "SB.Tickets.Api\SB.Tickets.Api.csproj", "{D5CD4566-2F07-49AA-B373-879747EE2CFC}"
EndProject
Project("{FAE04EC0-301F-11D3-BF4B-00C04F79EFBC}") = "SB.Tickets.Import.Models", "SB.Tickets.Import.Models\SB.Tickets.Import.Models.csproj", "{EDE4FB47-06D6-4DBD-A0C1-73ED49AEDCAB}"
EndProject
Global
	GlobalSection(SolutionConfigurationPlatforms) = preSolution
		Debug|Any CPU = Debug|Any CPU
		Release|Any CPU = Release|Any CPU
	EndGlobalSection
	GlobalSection(ProjectConfigurationPlatforms) = postSolution
		{D5CD4566-2F07-49AA-B373-879747EE2CFC}.Debug|Any CPU.ActiveCfg = Debug|Any CPU
		{D5CD4566-2F07-49AA-B373-879747EE2CFC}.Debug|Any CPU.Build.0 = Debug|Any CPU
		{D5CD4566-2F07-49AA-B373-879747EE2CFC}.Release|Any CPU.ActiveCfg = Release|Any CPU
		{D5CD4566-2F07-49AA-B373-879747EE2CFC}.Release|Any CPU.Build.0 = Release|Any CPU
		{EDE4FB47-06D6-4DBD-A0C1-73ED49AEDCAB}.Debug|Any CPU.ActiveCfg = Debug|Any CPU
		{EDE4FB47-06D6-4DBD-A0C1-73ED49AEDCAB}.Debug|Any CPU.Build.0 = Debug|Any CPU
		{EDE4FB47-06D6-4DBD-A0C1-73ED49AEDCAB}.Release|Any CPU.ActiveCfg = Release|Any CPU
		{EDE4FB47-06D6-4DBD-A0C1-73ED49AEDCAB}.Release|Any CPU.Build.0 = Release|Any CPU
	EndGlobalSection
	GlobalSection(SolutionProperties) = preSolution
		HideSolutionNode = FALSE
	EndGlobalSection
	GlobalSection(ExtensibilityGlobals) = postSolution
		SolutionGuid = {064BE2AE-A2A7-45BF-BA7F-8E695C9DD529}
	EndGlobalSection
EndGlobal
